
Microsoft Visual Studio Solution File, Format Version 12.00
# Visual Studio Version 17
VisualStudioVersion = 17.5.33502.453
MinimumVisualStudioVersion = 10.0.40219.1
Project("{FAE04EC0-301F-11D3-BF4B-00C04F79EFBC}") = "FolderCreator", "FolderCreator\FolderCreator.csproj", "{6E8CFF0F-72E7-419C-ACF3-7A63308841FB}"
EndProject
Global
	GlobalSection(SolutionConfigurationPlatforms) = preSolution
		Debug|Any CPU = Debug|Any CPU
		Release|Any CPU = Release|Any CPU
	EndGlobalSection
	GlobalSection(ProjectConfigurationPlatforms) = postSolution
		{6E8CFF0F-72E7-419C-ACF3-7A63308841FB}.Debug|Any CPU.ActiveCfg = Debug|Any CPU
		{6E8CFF0F-72E7-419C-ACF3-7A63308841FB}.Debug|Any CPU.Build.0 = Debug|Any CPU
		{6E8CFF0F-72E7-419C-ACF3-7A63308841FB}.Release|Any CPU.ActiveCfg = Release|Any CPU
		{6E8CFF0F-72E7-419C-ACF3-7A63308841FB}.Release|Any CPU.Build.0 = Release|Any CPU
	EndGlobalSection
	GlobalSection(SolutionProperties) = preSolution
		HideSolutionNode = FALSE
	EndGlobalSection
	GlobalSection(ExtensibilityGlobals) = postSolution
		SolutionGuid = {313A9320-73D7-41D5-88DB-A90FDB27A917}
	EndGlobalSection
EndGlobal
